github.com/nicolasgreenwood/gohugo-theme-objektiv v0.0.0-20260218124801-e17a89131493 h1:Za0wXvCacDBl4/0yiRojLKlgK8+DyoAh696vGfUlyVI=
github.com/nicolasgreenwood/gohugo-theme-objektiv v0.0.0-20260218124801-e17a89131493/go.mod h1:Sg2FTZ2RTw8qmcKOiNBVJGzTdn46hxSdhItsfaS4dQI=
github.com/nicolasgreenwood/gohugo-theme-objektiv v0.0.0-20260218134319-7c8762db44f4 h1:g6kwRHpd5IKZvQtRro8wMf8FiF18ApgL3dBcLlDXuRg=
github.com/nicolasgreenwood/gohugo-theme-objektiv v0.0.0-20260218134319-7c8762db44f4/go.mod h1:0OJpCOy3fJKXB4qJ6GVIUxzsaDzD5wr+f0pvrx51DqQ=
